
Microsoft Visual Studio Solution File, Format Version 12.00
# Visual Studio Version 16
VisualStudioVersion = 16.0.30128.74
MinimumVisualStudioVersion = 10.0.40219.1
Project("{FAE04EC0-301F-11D3-BF4B-00C04F79EFBC}") = "WebApplication1", "WebApplication1\WebApplication1.csproj", "{72EBE503-AE7A-4DD6-9E38-4F7D2ED59880}"
EndProject
Project("{FAE04EC0-301F-11D3-BF4B-00C04F79EFBC}") = "CoreWeb", "CoreWeb\CoreWeb.csproj", "{8A0404B7-F18A-489B-B384-EC94E656A972}"
EndProject
Global
	GlobalSection(SolutionConfigurationPlatforms) = preSolution
		Debug|Any CPU = Debug|Any CPU
		Release|Any CPU = Release|Any CPU
	EndGlobalSection
	GlobalSection(ProjectConfigurationPlatforms) = postSolution
		{72EBE503-AE7A-4DD6-9E38-4F7D2ED59880}.Debug|Any CPU.ActiveCfg = Debug|Any CPU
		{72EBE503-AE7A-4DD6-9E38-4F7D2ED59880}.Debug|Any CPU.Build.0 = Debug|Any CPU
		{72EBE503-AE7A-4DD6-9E38-4F7D2ED59880}.Release|Any CPU.ActiveCfg = Release|Any CPU
		{72EBE503-AE7A-4DD6-9E38-4F7D2ED59880}.Release|Any CPU.Build.0 = Release|Any CPU
		{8A0404B7-F18A-489B-B384-EC94E656A972}.Debug|Any CPU.ActiveCfg = Debug|Any CPU
		{8A0404B7-F18A-489B-B384-EC94E656A972}.Debug|Any CPU.Build.0 = Debug|Any CPU
		{8A0404B7-F18A-489B-B384-EC94E656A972}.Release|Any CPU.ActiveCfg = Release|Any CPU
		{8A0404B7-F18A-489B-B384-EC94E656A972}.Release|Any CPU.Build.0 = Release|Any CPU
	EndGlobalSection
	GlobalSection(SolutionProperties) = preSolution
		HideSolutionNode = FALSE
	EndGlobalSection
	GlobalSection(ExtensibilityGlobals) = postSolution
		SolutionGuid = {A1AA95E7-C300-4EA3-A2E0-28EF28AA1AEC}
	EndGlobalSection
EndGlobal
